{
  "requires": true,
  "lockfileVersion": 1,
  "dependencies": {
    "@fortawesome/fontawesome-free": {
      "version": "5.8.2",
      "resolved": "https://registry.npmjs.org/@fortawesome/fontawesome-free/-/fontawesome-free-5.8.2.tgz",
      "integrity": "sha512-E4fDUF4fbu9AxKpaQQqCN3XBnNzb/5e0Gvd9OaQsYkK574LVI57v/EqqPfIm/mC7jYbxaPNrhvT5AF+Yzwyizg=="
    },
    "@types/estree": {
      "version": "0.0.39",
      "resolved": "https://registry.npmjs.org/@types/estree/-/estree-0.0.39.tgz",
      "integrity": "sha512-EYNwp3bU+98cpU4lAWYYL7Zz+2gryWH1qbdDTidVd6hkiR6weksdbMadyXKXNPEkQFhXM+hVO9ZygomHXp+AIw==",
      "dev": true
    },
    "@types/node": {
      "version": "12.6.6",
      "resolved": "https://registry.npmjs.org/@types/node/-/node-12.6.6.tgz",
      "integrity": "sha512-SMgj3x28MkJyHdWaMv/g/ca3LYDi5gR7O8mX0VKazvFOnmlDXctSEdd/8jfSqozjKFK1R9If1QZWkafX7yQTpA==",
      "dev": true
    },
    "@types/resolve": {
      "version": "0.0.8",
      "resolved": "https://registry.npmjs.org/@types/resolve/-/resolve-0.0.8.tgz",
      "integrity": "sha512-auApPaJf3NPfe18hSoJkp8EbZzer2ISk7o8mCC3M9he/a04+gbMF97NkpD2S8riMGvm4BMRI59/SZQSaLTKpsQ==",
      "dev": true,
      "requires": {
        "@types/node": "*"
      }
    },
    "acorn": {
      "version": "6.2.0",
      "resolved": "https://registry.npmjs.org/acorn/-/acorn-6.2.0.tgz",
      "integrity": "sha512-8oe72N3WPMjA+2zVG71Ia0nXZ8DpQH+QyyHO+p06jT8eg8FGG3FbcUIi8KziHlAfheJQZeoqbvq1mQSQHXKYLw==",
      "dev": true
    },
    "bootstrap": {
      "version": "4.3.1",
      "resolved": "https://registry.npmjs.org/bootstrap/-/bootstrap-4.3.1.tgz",
      "integrity": "sha512-rXqOmH1VilAt2DyPzluTi2blhk17bO7ef+zLLPlWvG494pDxcM234pJ8wTc/6R40UWizAIIMgxjvxZg5kmsbag=="
    },
    "bootstrap-material-design": {
      "version": "4.1.2",
      "resolved": "https://registry.npmjs.org/bootstrap-material-design/-/bootstrap-material-design-4.1.2.tgz",
      "integrity": "sha512-hKeUkOM6g2DqpktvEMHrIDpQ5qupV4DSeKlJSJ60tLFQ+8tPlszVCa3JVLTV+ZFbJRMb0UA6UWTsnjW57kYNeg=="
    },
    "bootstrap.native": {
      "version": "2.0.26",
      "resolved": "https://registry.npmjs.org/bootstrap.native/-/bootstrap.native-2.0.26.tgz",
      "integrity": "sha512-m1W61Mt3Y3pu6SU24sg5mZ0nHpxpBCVHVGyJGvEuWPjC/9+gpVvv0EEmbKOoLgZ6XU50QLqvNsh4SiKsjVnJTg=="
    },
    "bootswatch": {
      "version": "4.3.1",
      "resolved": "https://registry.npmjs.org/bootswatch/-/bootswatch-4.3.1.tgz",
      "integrity": "sha512-kNdpo/TnhO++aic1IODLIe1V0lx6pXwHMpwXMacpANDnuVDtgU1MUgUbVMC3rSWm4UcbImfwPraNYgjKDT0BtA=="
    },
    "builtin-modules": {
      "version": "2.0.0",
      "resolved": "https://registry.npmjs.org/builtin-modules/-/builtin-modules-2.0.0.tgz",
      "integrity": "sha512-3U5kUA5VPsRUA3nofm/BXX7GVHKfxz0hOBAPxXrIvHzlDRkQVqEn6yi8QJegxl4LzOHLdvb7XF5dVawa/VVYBg==",
      "dev": true
    },
    "chart.js": {
      "version": "2.8.0",
      "resolved": "https://registry.npmjs.org/chart.js/-/chart.js-2.8.0.tgz",
      "integrity": "sha512-Di3wUL4BFvqI5FB5K26aQ+hvWh8wnP9A3DWGvXHVkO13D3DSnaSsdZx29cXlEsYKVkn1E2az+ZYFS4t0zi8x0w==",
      "requires": {
        "chartjs-color": "^2.1.0",
        "moment": "^2.10.2"
      }
    },
    "chartjs-color": {
      "version": "2.3.0",
      "resolved": "https://registry.npmjs.org/chartjs-color/-/chartjs-color-2.3.0.tgz",
      "integrity": "sha512-hEvVheqczsoHD+fZ+tfPUE+1+RbV6b+eksp2LwAhwRTVXEjCSEavvk+Hg3H6SZfGlPh/UfmWKGIvZbtobOEm3g==",
      "requires": {
        "chartjs-color-string": "^0.6.0",
        "color-convert": "^0.5.3"
      }
    },
    "chartjs-color-string": {
      "version": "0.6.0",
      "resolved": "https://registry.npmjs.org/chartjs-color-string/-/chartjs-color-string-0.6.0.tgz",
      "integrity": "sha512-TIB5OKn1hPJvO7JcteW4WY/63v6KwEdt6udfnDE9iCAZgy+V4SrbSxoIbTw/xkUIapjEI4ExGtD0+6D3KyFd7A==",
      "requires": {
        "color-name": "^1.0.0"
      }
    },
    "coffeescript": {
      "version": "2.4.1",
      "resolved": "https://registry.npmjs.org/coffeescript/-/coffeescript-2.4.1.tgz",
      "integrity": "sha512-34GV1aHrsMpTaO3KfMJL40ZNuvKDR/g98THHnE9bQj8HjMaZvSrLik99WWqyMhRtbe8V5hpx5iLgdcSvM/S2wg==",
      "dev": true
    },
    "color-convert": {
      "version": "0.5.3",
      "resolved": "https://registry.npmjs.org/color-convert/-/color-convert-0.5.3.tgz",
      "integrity": "sha1-vbbGnOZg+t/+CwAHzER+G59ygr0="
    },
    "color-name": {
      "version": "1.1.4",
      "resolved": "https://registry.npmjs.org/color-name/-/color-name-1.1.4.tgz",
      "integrity": "sha512-dOy+3AuW3a2wNbZHIuMZpTcgjGuLU/uBL/ubcZF9OXbDo8ff4O8yVp5Bf0efS8uEoYo5q4Fx7dY9OgQGXgAsQA=="
    },
    "datatables.net": {
      "version": "1.10.19",
      "resolved": "https://registry.npmjs.org/datatables.net/-/datatables.net-1.10.19.tgz",
      "integrity": "sha512-+ljXcI6Pj3PTGy5pesp3E5Dr3x3AV45EZe0o1r0gKENN2gafBKXodVnk2ypKwl2tTmivjxbkiqoWnipTefyBTA==",
      "requires": {
        "jquery": ">=1.7"
      }
    },
    "datatables.net-bs4": {
      "version": "1.10.19",
      "resolved": "https://registry.npmjs.org/datatables.net-bs4/-/datatables.net-bs4-1.10.19.tgz",
      "integrity": "sha512-pgeP17w4aPR7HIxIwuJghfqXULjdg1K6xMUUKDyCERJRSNNK4MRToFfELtIsluLNN555YBK4Kx8nihX5/ZT1Fw==",
      "requires": {
        "datatables.net": "1.10.19",
        "jquery": ">=1.7"
      }
    },
    "estree-walker": {
      "version": "0.6.1",
      "resolved": "https://registry.npmjs.org/estree-walker/-/estree-walker-0.6.1.tgz",
      "integrity": "sha512-SqmZANLWS0mnatqbSfRP5g8OXZC12Fgg1IwNtLsyHDzJizORW4khDfjPqJZsemPWBB2uqykUah5YpQ6epsqC/w==",
      "dev": true
    },
    "hyperapp": {
      "version": "1.2.9",
      "resolved": "https://registry.npmjs.org/hyperapp/-/hyperapp-1.2.9.tgz",
      "integrity": "sha512-bIzi12am7pyQ5nc2qnQpN6GWonjdJp+AghY7j9H9L0vccM1OQ3Cqn13cZlmS9KYm91Nf9fwF4KjvbQekFBxHVw=="
    },
    "is-module": {
      "version": "1.0.0",
      "resolved": "https://registry.npmjs.org/is-module/-/is-module-1.0.0.tgz",
      "integrity": "sha1-Mlj7afeMFNW4FdZkM2tM/7ZEFZE=",
      "dev": true
    },
    "is-reference": {
      "version": "1.1.2",
      "resolved": "https://registry.npmjs.org/is-reference/-/is-reference-1.1.2.tgz",
      "integrity": "sha512-Kn5g8c7XHKejFOpTf2QN9YjiHHKl5xRj+2uAZf9iM2//nkBNi/NNeB5JMoun28nEaUVHyPUzqzhfRlfAirEjXg==",
      "dev": true,
      "requires": {
        "@types/estree": "0.0.39"
      }
    },
    "jquery": {
      "version": "3.4.1",
      "resolved": "https://registry.npmjs.org/jquery/-/jquery-3.4.1.tgz",
      "integrity": "sha512-36+AdBzCL+y6qjw5Tx7HgzeGCzC81MDDgaUP8ld2zhx58HdqXGoBd+tHdrBMiyjGQs0Hxs/MLZTu/eHNJJuWPw=="
    },
    "jquery.easing": {
      "version": "1.4.1",
      "resolved": "https://registry.npmjs.org/jquery.easing/-/jquery.easing-1.4.1.tgz",
      "integrity": "sha1-R5gsWDa9dY/UhJSSPEoQHvbpPjs="
    },
    "magic-string": {
      "version": "0.25.2",
      "resolved": "https://registry.npmjs.org/magic-string/-/magic-string-0.25.2.tgz",
      "integrity": "sha512-iLs9mPjh9IuTtRsqqhNGYcZXGei0Nh/A4xirrsqW7c+QhKVFL2vm7U09ru6cHRD22azaP/wMDgI+HCqbETMTtg==",
      "dev": true,
      "requires": {
        "sourcemap-codec": "^1.4.4"
      }
    },
    "moment": {
      "version": "2.24.0",
      "resolved": "https://registry.npmjs.org/moment/-/moment-2.24.0.tgz",
      "integrity": "sha512-bV7f+6l2QigeBBZSM/6yTNq4P2fNpSWj/0e7jQcy87A8e7o2nAfP/34/2ky5Vw4B9S446EtIhodAzkFCcR4dQg=="
    },
    "object-assign": {
      "version": "4.1.1",
      "resolved": "https://registry.npmjs.org/object-assign/-/object-assign-4.1.1.tgz",
      "integrity": "sha1-IQmtx5ZYh8/AXLvUQsrIv7s2CGM=",
      "dev": true
    },
    "path-parse": {
      "version": "1.0.6",
      "resolved": "https://registry.npmjs.org/path-parse/-/path-parse-1.0.6.tgz",
      "integrity": "sha512-GSmOT2EbHrINBf9SR7CDELwlJ8AENk3Qn7OikK4nFYAu3Ote2+JYNVvkpAEQm3/TLNEJFD/xZJjzyxg3KBWOzw==",
      "dev": true
    },
    "resolve": {
      "version": "1.11.0",
      "resolved": "https://registry.npmjs.org/resolve/-/resolve-1.11.0.tgz",
      "integrity": "sha512-WL2pBDjqT6pGUNSUzMw00o4T7If+z4H2x3Gz893WoUQ5KW8Vr9txp00ykiP16VBaZF5+j/OcXJHZ9+PCvdiDKw==",
      "dev": true,
      "requires": {
        "path-parse": "^1.0.6"
      }
    },
    "rollup": {
      "version": "1.17.0",
      "resolved": "https://registry.npmjs.org/rollup/-/rollup-1.17.0.tgz",
      "integrity": "sha512-k/j1m0NIsI4SYgCJR4MWPstGJOWfJyd6gycKoMhyoKPVXxm+L49XtbUwZyFsrSU2YXsOkM4u1ll9CS/ZgJBUpw==",
      "dev": true,
      "requires": {
        "@types/estree": "0.0.39",
        "@types/node": "^12.6.2",
        "acorn": "^6.2.0"
      }
    },
    "rollup-plugin-coffee-script": {
      "version": "2.0.0",
      "resolved": "https://registry.npmjs.org/rollup-plugin-coffee-script/-/rollup-plugin-coffee-script-2.0.0.tgz",
      "integrity": "sha512-7hEjNhf9pezf/4PxHKHF2uEy+sgR1X9R5mCnOoF/ctKpFc5emY0+wYIxBth/0FJAa4F3+MQHOFEVxsuMIlOtUA==",
      "dev": true,
      "requires": {
        "object-assign": "^4.0.1",
        "rollup-plugin-node-resolve": "^3.0.0",
        "rollup-pluginutils": "^2.0.1"
      },
      "dependencies": {
        "rollup-plugin-node-resolve": {
          "version": "3.4.0",
          "resolved": "https://registry.npmjs.org/rollup-plugin-node-resolve/-/rollup-plugin-node-resolve-3.4.0.tgz",
          "integrity": "sha512-PJcd85dxfSBWih84ozRtBkB731OjXk0KnzN0oGp7WOWcarAFkVa71cV5hTJg2qpVsV2U8EUwrzHP3tvy9vS3qg==",
          "dev": true,
          "requires": {
            "builtin-modules": "^2.0.0",
            "is-module": "^1.0.0",
            "resolve": "^1.1.6"
          }
        }
      }
    },
    "rollup-plugin-commonjs": {
      "version": "10.0.0",
      "resolved": "https://registry.npmjs.org/rollup-plugin-commonjs/-/rollup-plugin-commonjs-10.0.0.tgz",
      "integrity": "sha512-B8MoX5GRpj3kW4+YaFO/di2JsZkBxNjVmZ9LWjUoTAjq8N9wc7HObMXPsrvolVV9JXVtYSscflXM14A19dXPNQ==",
      "dev": true,
      "requires": {
        "estree-walker": "^0.6.0",
        "is-reference": "^1.1.2",
        "magic-string": "^0.25.2",
        "resolve": "^1.10.1",
        "rollup-pluginutils": "^2.7.0"
      }
    },
    "rollup-plugin-node-resolve": {
      "version": "5.2.0",
      "resolved": "https://registry.npmjs.org/rollup-plugin-node-resolve/-/rollup-plugin-node-resolve-5.2.0.tgz",
      "integrity": "sha512-jUlyaDXts7TW2CqQ4GaO5VJ4PwwaV8VUGA7+km3n6k6xtOEacf61u0VXwN80phY/evMcaS+9eIeJ9MOyDxt5Zw==",
      "dev": true,
      "requires": {
        "@types/resolve": "0.0.8",
        "builtin-modules": "^3.1.0",
        "is-module": "^1.0.0",
        "resolve": "^1.11.1",
        "rollup-pluginutils": "^2.8.1"
      },
      "dependencies": {
        "builtin-modules": {
          "version": "3.1.0",
          "resolved": "https://registry.npmjs.org/builtin-modules/-/builtin-modules-3.1.0.tgz",
          "integrity": "sha512-k0KL0aWZuBt2lrxrcASWDfwOLMnodeQjodT/1SxEQAXsHANgo6ZC/VEaSEHCXt7aSTZ4/4H5LKa+tBXmW7Vtvw==",
          "dev": true
        },
        "resolve": {
          "version": "1.11.1",
          "resolved": "https://registry.npmjs.org/resolve/-/resolve-1.11.1.tgz",
          "integrity": "sha512-vIpgF6wfuJOZI7KKKSP+HmiKggadPQAdsp5HiC1mvqnfp0gF1vdwgBWZIdrVft9pgqoMFQN+R7BSWZiBxx+BBw==",
          "dev": true,
          "requires": {
            "path-parse": "^1.0.6"
          }
        },
        "rollup-pluginutils": {
          "version": "2.8.1",
          "resolved": "https://registry.npmjs.org/rollup-pluginutils/-/rollup-pluginutils-2.8.1.tgz",
          "integrity": "sha512-J5oAoysWar6GuZo0s+3bZ6sVZAC0pfqKz68De7ZgDi5z63jOVZn1uJL/+z1jeKHNbGII8kAyHF5q8LnxSX5lQg==",
          "dev": true,
          "requires": {
            "estree-walker": "^0.6.1"
          }
        }
      }
    },
    "rollup-pluginutils": {
      "version": "2.8.0",
      "resolved": "https://registry.npmjs.org/rollup-pluginutils/-/rollup-pluginutils-2.8.0.tgz",
      "integrity": "sha512-8TomM64VQH6w+13lemFHX5sZYxLCxHhf9gzdRUEFNXH3Z+0CDYy7Grzqa6YUbZc0GIrfbWoD5GXZ3o5Teqh9ew==",
      "dev": true,
      "requires": {
        "estree-walker": "^0.6.1"
      }
    },
    "sourcemap-codec": {
      "version": "1.4.4",
      "resolved": "https://registry.npmjs.org/sourcemap-codec/-/sourcemap-codec-1.4.4.tgz",
      "integrity": "sha512-CYAPYdBu34781kLHkaW3m6b/uUSyMOC2R61gcYMWooeuaGtjof86ZA/8T+qVPPt7np1085CR9hmMGrySwEc8Xg==",
      "dev": true
    },
    "startbootstrap-sb-admin": {
      "version": "5.1.1",
      "resolved": "https://registry.npmjs.org/startbootstrap-sb-admin/-/startbootstrap-sb-admin-5.1.1.tgz",
      "integrity": "sha512-ugGlgxmJaWorgxNrG9s+cjU/uO+oF4Wk9IZBumuivQfzvzjG7eN4+mFg674g1MZnb0cxi6w8VD6IhrTNoEestw==",
      "requires": {
        "@fortawesome/fontawesome-free": "5.9.0",
        "bootstrap": "4.3.1",
        "chart.js": "2.8.0",
        "datatables.net-bs4": "1.10.19",
        "jquery": "3.4.1",
        "jquery.easing": "^1.4.1"
      },
      "dependencies": {
        "@fortawesome/fontawesome-free": {
          "version": "5.9.0",
          "resolved": "https://registry.npmjs.org/@fortawesome/fontawesome-free/-/fontawesome-free-5.9.0.tgz",
          "integrity": "sha512-g795BBEzM/Hq2SYNPm/NQTIp3IWd4eXSH0ds87Na2jnrAUFX3wkyZAI4Gwj9DOaWMuz2/01i8oWI7P7T/XLkhg=="
        }
      }
    },
    "startbootstrap-sb-admin-2": {
      "version": "4.0.6",
      "resolved": "https://registry.npmjs.org/startbootstrap-sb-admin-2/-/startbootstrap-sb-admin-2-4.0.6.tgz",
      "integrity": "sha512-mFM5lsAFtfZXZBw860KaOaU470DZXd1pWj+wPzBffmNhK6yKNe9bg8XBWetI2wuKtkE1mr0PTtj/qNHc3cEDbg==",
      "requires": {
        "@fortawesome/fontawesome-free": "5.9.0",
        "bootstrap": "4.3.1",
        "chart.js": "2.8.0",
        "datatables.net-bs4": "1.10.19",
        "jquery": "3.4.1",
        "jquery.easing": "^1.4.1"
      },
      "dependencies": {
        "@fortawesome/fontawesome-free": {
          "version": "5.9.0",
          "resolved": "https://registry.npmjs.org/@fortawesome/fontawesome-free/-/fontawesome-free-5.9.0.tgz",
          "integrity": "sha512-g795BBEzM/Hq2SYNPm/NQTIp3IWd4eXSH0ds87Na2jnrAUFX3wkyZAI4Gwj9DOaWMuz2/01i8oWI7P7T/XLkhg=="
        }
      }
    },
    "zxcvbn": {
      "version": "4.4.2",
      "resolved": "https://registry.npmjs.org/zxcvbn/-/zxcvbn-4.4.2.tgz",
      "integrity": "sha1-KOwXzwl0PtyrBW3dixsGJizHPDA="
    }
  }
}
